
Microsoft Visual Studio Solution File, Format Version 12.00
# Visual Studio 15
VisualStudioVersion = 15.0.27428.2043
MinimumVisualStudioVersion = 10.0.40219.1
Project("{FAE04EC0-301F-11D3-BF4B-00C04F79EFBC}") = "MKT.WebAPIRest", "MKT.WebAPIRest\MKT.WebAPIRest.csproj", "{C9CFE127-8DF6-4C09-9348-B92C3D3A22FA}"
EndProject
Project("{FAE04EC0-301F-11D3-BF4B-00C04F79EFBC}") = "MKT.Logica", "MKT.Logica\MKT.Logica.csproj", "{4386730F-2863-4358-9474-43C316D23BF6}"
EndProject
Project("{FAE04EC0-301F-11D3-BF4B-00C04F79EFBC}") = "MKT.DataAccess", "MKT.DataAccess\MKT.DataAccess.csproj", "{4266278F-30EE-423D-95D6-4679DA226064}"
EndProject
Project("{FAE04EC0-301F-11D3-BF4B-00C04F79EFBC}") = "MKT.Web", "MKT.Web\MKT.Web.csproj", "{539B59E1-A6DB-4439-A7DA-FF40BC27CA24}"
EndProject
Global
	GlobalSection(SolutionConfigurationPlatforms) = preSolution
		Debug|Any CPU = Debug|Any CPU
		Release|Any CPU = Release|Any CPU
	EndGlobalSection
	GlobalSection(ProjectConfigurationPlatforms) = postSolution
		{C9CFE127-8DF6-4C09-9348-B92C3D3A22FA}.Debug|Any CPU.ActiveCfg = Debug|Any CPU
		{C9CFE127-8DF6-4C09-9348-B92C3D3A22FA}.Debug|Any CPU.Build.0 = Debug|Any CPU
		{C9CFE127-8DF6-4C09-9348-B92C3D3A22FA}.Release|Any CPU.ActiveCfg = Release|Any CPU
		{C9CFE127-8DF6-4C09-9348-B92C3D3A22FA}.Release|Any CPU.Build.0 = Release|Any CPU
		{4386730F-2863-4358-9474-43C316D23BF6}.Debug|Any CPU.ActiveCfg = Debug|Any CPU
		{4386730F-2863-4358-9474-43C316D23BF6}.Debug|Any CPU.Build.0 = Debug|Any CPU
		{4386730F-2863-4358-9474-43C316D23BF6}.Release|Any CPU.ActiveCfg = Release|Any CPU
		{4386730F-2863-4358-9474-43C316D23BF6}.Release|Any CPU.Build.0 = Release|Any CPU
		{4266278F-30EE-423D-95D6-4679DA226064}.Debug|Any CPU.ActiveCfg = Debug|Any CPU
		{4266278F-30EE-423D-95D6-4679DA226064}.Debug|Any CPU.Build.0 = Debug|Any CPU
		{4266278F-30EE-423D-95D6-4679DA226064}.Release|Any CPU.ActiveCfg = Release|Any CPU
		{4266278F-30EE-423D-95D6-4679DA226064}.Release|Any CPU.Build.0 = Release|Any CPU
		{539B59E1-A6DB-4439-A7DA-FF40BC27CA24}.Debug|Any CPU.ActiveCfg = Debug|Any CPU
		{539B59E1-A6DB-4439-A7DA-FF40BC27CA24}.Debug|Any CPU.Build.0 = Debug|Any CPU
		{539B59E1-A6DB-4439-A7DA-FF40BC27CA24}.Release|Any CPU.ActiveCfg = Release|Any CPU
		{539B59E1-A6DB-4439-A7DA-FF40BC27CA24}.Release|Any CPU.Build.0 = Release|Any CPU
	EndGlobalSection
	GlobalSection(SolutionProperties) = preSolution
		HideSolutionNode = FALSE
	EndGlobalSection
	GlobalSection(ExtensibilityGlobals) = postSolution
		SolutionGuid = {F5F988A8-7509-4E1B-B872-5A4A3475B51F}
	EndGlobalSection
EndGlobal
